// !$*UTF8*$!
{
	archiveVersion = 1;
	classes = {
	};
	objectVersion = 48;
	objects = {

/* Begin PBXBuildFile section */
		17E91D0720356FC2009E6121 /* AppDelegate.swift in Sources */ = {isa = PBXBuildFile; fileRef = 17E91D0620356FC2009E6121 /* AppDelegate.swift */; };
		17E91D0920356FC2009E6121 /* PhotoController.swift in Sources */ = {isa = PBXBuildFile; fileRef = 17E91D0820356FC2009E6121 /* PhotoController.swift */; };
		17E91D0C20356FC2009E6121 /* Main.storyboard in Resources */ = {isa = PBXBuildFile; fileRef = 17E91D0A20356FC2009E6121 /* Main.storyboard */; };
		17E91D0E20356FC2009E6121 /* Assets.xcassets in Resources */ = {isa = PBXBuildFile; fileRef = 17E91D0D20356FC2009E6121 /* Assets.xcassets */; };
		17E91D1120356FC2009E6121 /* LaunchScreen.storyboard in Resources */ = {isa = PBXBuildFile; fileRef = 17E91D0F20356FC2009E6121 /* LaunchScreen.storyboard */; };
		17E91D1B20357100009E6121 /* Model.swift in Sources */ = {isa = PBXBuildFile; fileRef = 17E91D1A20357100009E6121 /* Model.swift */; };
		17E91D1E20357732009E6121 /* Extension.swift in Sources */ = {isa = PBXBuildFile; fileRef = 17E91D1D20357732009E6121 /* Extension.swift */; };
		29690273690D689DB9F601A8 /* Pods_FilterPhoto.framework in Frameworks */ = {isa = PBXBuildFile; fileRef = D0616A6403E5E6CEA9A6F7AA /* Pods_FilterPhoto.framework */; };
/* End PBXBuildFile section */

/* Begin PBXFileReference section */
		17E91D0320356FC2009E6121 /* FilterPhoto.app */ = {isa = PBXFileReference; explicitFileType = wrapper.application; includeInIndex = 0; path = FilterPhoto.app; sourceTree = BUILT_PRODUCTS_DIR; };
		17E91D0620356FC2009E6121 /* AppDelegate.swift */ = {isa = PBXFileReference; lastKnownFileType = sourcecode.swift; path = AppDelegate.swift; sourceTree = "<group>"; };
		17E91D0820356FC2009E6121 /* PhotoController.swift */ = {isa = PBXFileReference; lastKnownFileType = sourcecode.swift; path = PhotoController.swift; sourceTree = "<group>"; };
		17E91D0B20356FC2009E6121 /* Base */ = {isa = PBXFileReference; lastKnownFileType = file.storyboard; name = Base; path = Base.lproj/Main.storyboard; sourceTree = "<group>"; };
		17E91D0D20356FC2009E6121 /* Assets.xcassets */ = {isa = PBXFileReference; lastKnownFileType = folder.assetcatalog; path = Assets.xcassets; sourceTree = "<group>"; };
		17E91D1020356FC2009E6121 /* Base */ = {isa = PBXFileReference; lastKnownFileType = file.storyboard; name = Base; path = Base.lproj/LaunchScreen.storyboard; sourceTree = "<group>"; };
		17E91D1220356FC2009E6121 /* Info.plist */ = {isa = PBXFileReference; lastKnownFileType = text.plist.xml; path = Info.plist; sourceTree = "<group>"; };
		17E91D1A20357100009E6121 /* Model.swift */ = {isa = PBXFileReference; lastKnownFileType = sourcecode.swift; path = Model.swift; sourceTree = "<group>"; };
		17E91D1D20357732009E6121 /* Extension.swift */ = {isa = PBXFileReference; lastKnownFileType = sourcecode.swift; path = Extension.swift; sourceTree = "<group>"; };
		2B1B38C8482A43FD9243802F /* Pods-FilterPhoto.debug.xcconfig */ = {isa = PBXFileReference; includeInIndex = 1; lastKnownFileType = text.xcconfig; name = "Pods-FilterPhoto.debug.xcconfig"; path = "Pods/Target Support Files/Pods-FilterPhoto/Pods-FilterPhoto.debug.xcconfig"; sourceTree = "<group>"; };
		D0616A6403E5E6CEA9A6F7AA /* Pods_FilterPhoto.framework */ = {isa = PBXFileReference; explicitFileType = wrapper.framework; includeInIndex = 0; path = Pods_FilterPhoto.framework; sourceTree = BUILT_PRODUCTS_DIR; };
		F372B1EACF0D4497775B4588 /* Pods-FilterPhoto.release.xcconfig */ = {isa = PBXFileReference; includeInIndex = 1; lastKnownFileType = text.xcconfig; name = "Pods-FilterPhoto.release.xcconfig"; path = "Pods/Target Support Files/Pods-FilterPhoto/Pods-FilterPhoto.release.xcconfig"; sourceTree = "<group>"; };
/* End PBXFileReference section */

/* Begin PBXFrameworksBuildPhase section */
		17E91D0020356FC2009E6121 /* Frameworks */ = {
			isa = PBXFrameworksBuildPhase;
			buildActionMask = 2147483647;
			files = (
				29690273690D689DB9F601A8 /* Pods_FilterPhoto.framework in Frameworks */,
			);
			runOnlyForDeploymentPostprocessing = 0;
		};
/* End PBXFrameworksBuildPhase section */

/* Begin PBXGroup section */
		17E91CFA20356FC2009E6121 = {
			isa = PBXGroup;
			children = (
				17E91D0520356FC2009E6121 /* FilterPhoto */,
				17E91D0420356FC2009E6121 /* Products */,
				2CCE953018415343C91759B1 /* Pods */,
				3CBEA4692425931B962A36B0 /* Frameworks */,
			);
			sourceTree = "<group>";
		};
		17E91D0420356FC2009E6121 /* Products */ = {
			isa = PBXGroup;
			children = (
				17E91D0320356FC2009E6121 /* FilterPhoto.app */,
			);
			name = Products;
			sourceTree = "<group>";
		};
		17E91D0520356FC2009E6121 /* FilterPhoto */ = {
			isa = PBXGroup;
			children = (
				17E91D1C2035771D009E6121 /* Extension */,
				17E91D19203570EE009E6121 /* Controller */,
				17E91D18203570E8009E6121 /* Model */,
				17E91D0620356FC2009E6121 /* AppDelegate.swift */,
				17E91D0A20356FC2009E6121 /* Main.storyboard */,
				17E91D0D20356FC2009E6121 /* Assets.xcassets */,
				17E91D0F20356FC2009E6121 /* LaunchScreen.storyboard */,
				17E91D1220356FC2009E6121 /* Info.plist */,
			);
			path = FilterPhoto;
			sourceTree = "<group>";
		};
		17E91D18203570E8009E6121 /* Model */ = {
			isa = PBXGroup;
			children = (
				17E91D1A20357100009E6121 /* Model.swift */,
			);
			path = Model;
			sourceTree = "<group>";
		};
		17E91D19203570EE009E6121 /* Controller */ = {
			isa = PBXGroup;
			children = (
				17E91D0820356FC2009E6121 /* PhotoController.swift */,
			);
			path = Controller;
			sourceTree = "<group>";
		};
		17E91D1C2035771D009E6121 /* Extension */ = {
			isa = PBXGroup;
			children = (
				17E91D1D20357732009E6121 /* Extension.swift */,
			);
			path = Extension;
			sourceTree = "<group>";
		};
		2CCE953018415343C91759B1 /* Pods */ = {
			isa = PBXGroup;
			children = (
				2B1B38C8482A43FD9243802F /* Pods-FilterPhoto.debug.xcconfig */,
				F372B1EACF0D4497775B4588 /* Pods-FilterPhoto.release.xcconfig */,
			);
			name = Pods;
			sourceTree = "<group>";
		};
		3CBEA4692425931B962A36B0 /* Frameworks */ = {
			isa = PBXGroup;
			children = (
				D0616A6403E5E6CEA9A6F7AA /* Pods_FilterPhoto.framework */,
			);
			name = Frameworks;
			sourceTree = "<group>";
		};
/* End PBXGroup section */

/* Begin PBXNativeTarget section */
		17E91D0220356FC2009E6121 /* FilterPhoto */ = {
			isa = PBXNativeTarget;
			buildConfigurationList = 17E91D1520356FC2009E6121 /* Build configuration list for PBXNativeTarget "FilterPhoto" */;
			buildPhases = (
				3CB14A8EF33E1DCEA9DDC471 /* [CP] Check Pods Manifest.lock */,
				17E91CFF20356FC2009E6121 /* Sources */,
				17E91D0020356FC2009E6121 /* Frameworks */,
				17E91D0120356FC2009E6121 /* Resources */,
				A0B2A92D12DB787D8D48BF45 /* [CP] Embed Pods Frameworks */,
				9A44C94759D4CC5110822D71 /* [CP] Copy Pods Resources */,
			);
			buildRules = (
			);
			dependencies = (
			);
			name = FilterPhoto;
			productName = FilterPhoto;
			productReference = 17E91D0320356FC2009E6121 /* FilterPhoto.app */;
			productType = "com.apple.product-type.application";
		};
/* End PBXNativeTarget section */

/* Begin PBXProject section */
		17E91CFB20356FC2009E6121 /* Project object */ = {
			isa = PBXProject;
			attributes = {
				LastSwiftUpdateCheck = 0920;
				LastUpgradeCheck = 0920;
				ORGANIZATIONNAME = "hyunsu han";
				TargetAttributes = {
					17E91D0220356FC2009E6121 = {
						CreatedOnToolsVersion = 9.2;
						ProvisioningStyle = Automatic;
					};
				};
			};
			buildConfigurationList = 17E91CFE20356FC2009E6121 /* Build configuration list for PBXProject "FilterPhoto" */;
			compatibilityVersion = "Xcode 8.0";
			developmentRegion = en;
			hasScannedForEncodings = 0;
			knownRegions = (
				en,
				Base,
			);
			mainGroup = 17E91CFA20356FC2009E6121;
			productRefGroup = 17E91D0420356FC2009E6121 /* Products */;
			projectDirPath = "";
			projectRoot = "";
			targets = (
				17E91D0220356FC2009E6121 /* FilterPhoto */,
			);
		};
/* End PBXProject section */

/* Begin PBXResourcesBuildPhase section */
		17E91D0120356FC2009E6121 /* Resources */ = {
			isa = PBXResourcesBuildPhase;
			buildActionMask = 2147483647;
			files = (
				17E91D1120356FC2009E6121 /* LaunchScreen.storyboard in Resources */,
				17E91D0E20356FC2009E6121 /* Assets.xcassets in Resources */,
				17E91D0C20356FC2009E6121 /* Main.storyboard in Resources */,
			);
			runOnlyForDeploymentPostprocessing = 0;
		};
/* End PBXResourcesBuildPhase section */

/* Begin PBXShellScriptBuildPhase section */
		3CB14A8EF33E1DCEA9DDC471 /* [CP] Check Pods Manifest.lock */ = {
			isa = PBXShellScriptBuildPhase;
			buildActionMask = 2147483647;
			files = (
			);
			inputPaths = (
				"${PODS_PODFILE_DIR_PATH}/Podfile.lock",
				"${PODS_ROOT}/Manifest.lock",
			);
			name = "[CP] Check Pods Manifest.lock";
			outputPaths = (
				"$(DERIVED_FILE_DIR)/Pods-FilterPhoto-checkManifestLockResult.txt",
			);
			runOnlyForDeploymentPostprocessing = 0;
			shellPath = /bin/sh;
			shellScript = "diff \"${PODS_PODFILE_DIR_PATH}/Podfile.lock\" \"${PODS_ROOT}/Manifest.lock\" > /dev/null\nif [ $? != 0 ] ; then\n    # print error to STDERR\n    echo \"error: The sandbox is not in sync with the Podfile.lock. Run 'pod install' or update your CocoaPods installation.\" >&2\n    exit 1\nfi\n# This output is used by Xcode 'outputs' to avoid re-running this script phase.\necho \"SUCCESS\" > \"${SCRIPT_OUTPUT_FILE_0}\"\n";
			showEnvVarsInLog = 0;
		};
		9A44C94759D4CC5110822D71 /* [CP] Copy Pods Resources */ = {
			isa = PBXShellScriptBuildPhase;
			buildActionMask = 2147483647;
			files = (
			);
			inputPaths = (
			);
			name = "[CP] Copy Pods Resources";
			outputPaths = (
			);
			runOnlyForDeploymentPostprocessing = 0;
			shellPath = /bin/sh;
			shellScript = "\"${SRCROOT}/Pods/Target Support Files/Pods-FilterPhoto/Pods-FilterPhoto-resources.sh\"\n";
			showEnvVarsInLog = 0;
		};
		A0B2A92D12DB787D8D48BF45 /* [CP] Embed Pods Frameworks */ = {
			isa = PBXShellScriptBuildPhase;
			buildActionMask = 2147483647;
			files = (
			);
			inputPaths = (
				"${SRCROOT}/Pods/Target Support Files/Pods-FilterPhoto/Pods-FilterPhoto-frameworks.sh",
				"${BUILT_PRODUCTS_DIR}/LBTAComponents/LBTAComponents.framework",
				"${BUILT_PRODUCTS_DIR}/SwiftyJSON/SwiftyJSON.framework",
			);
			name = "[CP] Embed Pods Frameworks";
			outputPaths = (
				"${TARGET_BUILD_DIR}/${FRAMEWORKS_FOLDER_PATH}/LBTAComponents.framework",
				"${TARGET_BUILD_DIR}/${FRAMEWORKS_FOLDER_PATH}/SwiftyJSON.framework",
			);
			runOnlyForDeploymentPostprocessing = 0;
			shellPath = /bin/sh;
			shellScript = "\"${SRCROOT}/Pods/Target Support Files/Pods-FilterPhoto/Pods-FilterPhoto-frameworks.sh\"\n";
			showEnvVarsInLog = 0;
		};
/* End PBXShellScriptBuildPhase section */

/* Begin PBXSourcesBuildPhase section */
		17E91CFF20356FC2009E6121 /* Sources */ = {
			isa = PBXSourcesBuildPhase;
			buildActionMask = 2147483647;
			files = (
				17E91D1B20357100009E6121 /* Model.swift in Sources */,
				17E91D0920356FC2009E6121 /* PhotoController.swift in Sources */,
				17E91D0720356FC2009E6121 /* AppDelegate.swift in Sources */,
				17E91D1E20357732009E6121 /* Extension.swift in Sources */,
			);
			runOnlyForDeploymentPostprocessing = 0;
		};
/* End PBXSourcesBuildPhase section */

/* Begin PBXVariantGroup section */
		17E91D0A20356FC2009E6121 /* Main.storyboard */ = {
			isa = PBXVariantGroup;
			children = (
				17E91D0B20356FC2009E6121 /* Base */,
			);
			name = Main.storyboard;
			sourceTree = "<group>";
		};
		17E91D0F20356FC2009E6121 /* LaunchScreen.storyboard */ = {
			isa = PBXVariantGroup;
			children = (
				17E91D1020356FC2009E6121 /* Base */,
			);
			name = LaunchScreen.storyboard;
			sourceTree = "<group>";
		};
/* End PBXVariantGroup section */

/* Begin XCBuildConfiguration section */
		17E91D1320356FC2009E6121 /* Debug */ = {
			isa = XCBuildConfiguration;
			buildSettings = {
				ALWAYS_SEARCH_USER_PATHS = NO;
				CLANG_ANALYZER_NONNULL = YES;
				CLANG_ANALYZER_NUMBER_OBJECT_CONVERSION = YES_AGGRESSIVE;
				CLANG_CXX_LANGUAGE_STANDARD = "gnu++14";
				CLANG_CXX_LIBRARY = "libc++";
				CLANG_ENABLE_MODULES = YES;
				CLANG_ENABLE_OBJC_ARC = YES;
				CLANG_WARN_BLOCK_CAPTURE_AUTORELEASING = YES;
				CLANG_WARN_BOOL_CONVERSION = YES;
				CLANG_WARN_COMMA = YES;
				CLANG_WARN_CONSTANT_CONVERSION = YES;
				CLANG_WARN_DIRECT_OBJC_ISA_USAGE = YES_ERROR;
				CLANG_WARN_DOCUMENTATION_COMMENTS = YES;
				CLANG_WARN_EMPTY_BODY = YES;
				CLANG_WARN_ENUM_CONVERSION = YES;
				CLANG_WARN_INFINITE_RECURSION = YES;
				CLANG_WARN_INT_CONVERSION = YES;
				CLANG_WARN_NON_LITERAL_NULL_CONVERSION = YES;
				CLANG_WARN_OBJC_LITERAL_CONVERSION = YES;
				CLANG_WARN_OBJC_ROOT_CLASS = YES_ERROR;
				CLANG_WARN_RANGE_LOOP_ANALYSIS = YES;
				CLANG_WARN_STRICT_PROTOTYPES = YES;
				CLANG_WARN_SUSPICIOUS_MOVE = YES;
				CLANG_WARN_UNGUARDED_AVAILABILITY = YES_AGGRESSIVE;
				CLANG_WARN_UNREACHABLE_CODE = YES;
				CLANG_WARN__DUPLICATE_METHOD_MATCH = YES;
				CODE_SIGN_IDENTITY = "iPhone Developer";
				COPY_PHASE_STRIP = NO;
				DEBUG_INFORMATION_FORMAT = dwarf;
				ENABLE_STRICT_OBJC_MSGSEND = YES;
				ENABLE_TESTABILITY = YES;
				GCC_C_LANGUAGE_STANDARD = gnu11;
				GCC_DYNAMIC_NO_PIC = NO;
				GCC_NO_COMMON_BLOCKS = YES;
				GCC_OPTIMIZATION_LEVEL = 0;
				GCC_PREPROCESSOR_DEFINITIONS = (
					"DEBUG=1",
					"$(inherited)",
				);
				GCC_WARN_64_TO_32_BIT_CONVERSION = YES;
				GCC_WARN_ABOUT_RETURN_TYPE = YES_ERROR;
				GCC_WARN_UNDECLARED_SELECTOR = YES;
				GCC_WARN_UNINITIALIZED_AUTOS = YES_AGGRESSIVE;
				GCC_WARN_UNUSED_FUNCTION = YES;
				GCC_WARN_UNUSED_VARIABLE = YES;
				IPHONEOS_DEPLOYMENT_TARGET = 11.2;
				MTL_ENABLE_DEBUG_INFO = YES;
				ONLY_ACTIVE_ARCH = YES;
				SDKROOT = iphoneos;
				SWIFT_ACTIVE_COMPILATION_CONDITIONS = DEBUG;
				SWIFT_OPTIMIZATION_LEVEL = "-Onone";
			};
			name = Debug;
		};
		17E91D1420356FC2009E6121 /* Release */ = {
			isa = XCBuildConfiguration;
			buildSettings = {
				ALWAYS_SEARCH_USER_PATHS = NO;
				CLANG_ANALYZER_NONNULL = YES;
				CLANG_ANALYZER_NUMBER_OBJECT_CONVERSION = YES_AGGRESSIVE;
				CLANG_CXX_LANGUAGE_STANDARD = "gnu++14";
				CLANG_CXX_LIBRARY = "libc++";
				CLANG_ENABLE_MODULES = YES;
				CLANG_ENABLE_OBJC_ARC = YES;
				CLANG_WARN_BLOCK_CAPTURE_AUTORELEASING = YES;
				CLANG_WARN_BOOL_CONVERSION = YES;
				CLANG_WARN_COMMA = YES;
				CLANG_WARN_CONSTANT_CONVERSION = YES;
				CLANG_WARN_DIRECT_OBJC_ISA_USAGE = YES_ERROR;
				CLANG_WARN_DOCUMENTATION_COMMENTS = YES;
				CLANG_WARN_EMPTY_BODY = YES;
				CLANG_WARN_ENUM_CONVERSION = YES;
				CLANG_WARN_INFINITE_RECURSION = YES;
				CLANG_WARN_INT_CONVERSION = YES;
				CLANG_WARN_NON_LITERAL_NULL_CONVERSION = YES;
				CLANG_WARN_OBJC_LITERAL_CONVERSION = YES;
				CLANG_WARN_OBJC_ROOT_CLASS = YES_ERROR;
				CLANG_WARN_RANGE_LOOP_ANALYSIS = YES;
				CLANG_WARN_STRICT_PROTOTYPES = YES;
				CLANG_WARN_SUSPICIOUS_MOVE = YES;
				CLANG_WARN_UNGUARDED_AVAILABILITY = YES_AGGRESSIVE;
				CLANG_WARN_UNREACHABLE_CODE = YES;
				CLANG_WARN__DUPLICATE_METHOD_MATCH = YES;
				CODE_SIGN_IDENTITY = "iPhone Developer";
				COPY_PHASE_STRIP = NO;
				DEBUG_INFORMATION_FORMAT = "dwarf-with-dsym";
				ENABLE_NS_ASSERTIONS = NO;
				ENABLE_STRICT_OBJC_MSGSEND = YES;
				GCC_C_LANGUAGE_STANDARD = gnu11;
				GCC_NO_COMMON_BLOCKS = YES;
				GCC_WARN_64_TO_32_BIT_CONVERSION = YES;
				GCC_WARN_ABOUT_RETURN_TYPE = YES_ERROR;
				GCC_WARN_UNDECLARED_SELECTOR = YES;
				GCC_WARN_UNINITIALIZED_AUTOS = YES_AGGRESSIVE;
				GCC_WARN_UNUSED_FUNCTION = YES;
				GCC_WARN_UNUSED_VARIABLE = YES;
				IPHONEOS_DEPLOYMENT_TARGET = 11.2;
				MTL_ENABLE_DEBUG_INFO = NO;
				SDKROOT = iphoneos;
				SWIFT_OPTIMIZATION_LEVEL = "-Owholemodule";
				VALIDATE_PRODUCT = YES;
			};
			name = Release;
		};
		17E91D1620356FC2009E6121 /* Debug */ = {
			isa = XCBuildConfiguration;
			baseConfigurationReference = 2B1B38C8482A43FD9243802F /* Pods-FilterPhoto.debug.xcconfig */;
			buildSettings = {
				ASSETCATALOG_COMPILER_APPICON_NAME = AppIcon;
				CODE_SIGN_STYLE = Automatic;
				DEVELOPMENT_TEAM = ACE9KE4UN9;
				INFOPLIST_FILE = FilterPhoto/Info.plist;
				LD_RUNPATH_SEARCH_PATHS = "$(inherited) @executable_path/Frameworks";
				PRODUCT_BUNDLE_IDENTIFIER = com.hyunsoo.FilterPhoto;
				PRODUCT_NAME = "$(TARGET_NAME)";
				SWIFT_VERSION = 4.0;
				TARGETED_DEVICE_FAMILY = "1,2";
			};
			name = Debug;
		};
		17E91D1720356FC2009E6121 /* Release */ = {
			isa = XCBuildConfiguration;
			baseConfigurationReference = F372B1EACF0D4497775B4588 /* Pods-FilterPhoto.release.xcconfig */;
			buildSettings = {
				ASSETCATALOG_COMPILER_APPICON_NAME = AppIcon;
				CODE_SIGN_STYLE = Automatic;
				DEVELOPMENT_TEAM = ACE9KE4UN9;
				INFOPLIST_FILE = FilterPhoto/Info.plist;
				LD_RUNPATH_SEARCH_PATHS = "$(inherited) @executable_path/Frameworks";
				PRODUCT_BUNDLE_IDENTIFIER = com.hyunsoo.FilterPhoto;
				PRODUCT_NAME = "$(TARGET_NAME)";
				SWIFT_VERSION = 4.0;
				TARGETED_DEVICE_FAMILY = "1,2";
			};
			name = Release;
		};
/* End XCBuildConfiguration section */

/* Begin XCConfigurationList section */
		17E91CFE20356FC2009E6121 /* Build configuration list for PBXProject "FilterPhoto" */ = {
			isa = XCConfigurationList;
			buildConfigurations = (
				17E91D1320356FC2009E6121 /* Debug */,
				17E91D1420356FC2009E6121 /* Release */,
			);
			defaultConfigurationIsVisible = 0;
			defaultConfigurationName = Release;
		};
		17E91D1520356FC2009E6121 /* Build configuration list for PBXNativeTarget "FilterPhoto" */ = {
			isa = XCConfigurationList;
			buildConfigurations = (
				17E91D1620356FC2009E6121 /* Debug */,
				17E91D1720356FC2009E6121 /* Release */,
			);
			defaultConfigurationIsVisible = 0;
			defaultConfigurationName = Release;
		};
/* End XCConfigurationList section */
	};
	rootObject = 17E91CFB20356FC2009E6121 /* Project object */;
}
